
Microsoft Visual Studio Solution File, Format Version 12.00
# Visual Studio Version 17
VisualStudioVersion = 17.4.33213.308
MinimumVisualStudioVersion = 10.0.40219.1
Project("{2150E333-8FDC-42A3-9474-1A3956D46DE8}") = "src", "src", "{575F0F68-271D-4742-A485-E0EA852A8D18}"
EndProject
Project("{2150E333-8FDC-42A3-9474-1A3956D46DE8}") = "test", "test", "{B41E3904-BDDF-435E-ADFD-F71BB84193DC}"
EndProject
Project("{FAE04EC0-301F-11D3-BF4B-00C04F79EFBC}") = "DF.Domain", "DF.Domain\DF.Domain.csproj", "{5BCE8A34-C224-4013-91D8-A4079FD8DBD5}"
EndProject
Project("{FAE04EC0-301F-11D3-BF4B-00C04F79EFBC}") = "DF.Infrastructure", "DF.Infrastructure\DF.Infrastructure.csproj", "{8BEE5A02-56C3-4AD9-8733-775EA2D83FB5}"
EndProject
Project("{FAE04EC0-301F-11D3-BF4B-00C04F79EFBC}") = "DF.Application", "DF.Application\DF.Application.csproj", "{33DD25FE-C234-43E9-ADEE-B64485DCC469}"
EndProject
Project("{FAE04EC0-301F-11D3-BF4B-00C04F79EFBC}") = "DF.Api", "DF.Api\DF.Api.csproj", "{38B22117-0FEB-49F4-9FD1-5A6BB56B75AD}"
EndProject
Project("{FAE04EC0-301F-11D3-BF4B-00C04F79EFBC}") = "DF.Utilities", "DF.Utilities\DF.Utilities.csproj", "{37177AA1-7F86-409C-8197-408E5DC66DE0}"
EndProject
Project("{FAE04EC0-301F-11D3-BF4B-00C04F79EFBC}") = "DF.Test", "DF.Test\DF.Test.csproj", "{0BD70155-7BBB-4227-8D00-AC151C8693F1}"
EndProject
Global
	GlobalSection(SolutionConfigurationPlatforms) = preSolution
		Debug|Any CPU = Debug|Any CPU
		Release|Any CPU = Release|Any CPU
	EndGlobalSection
	GlobalSection(ProjectConfigurationPlatforms) = postSolution
		{5BCE8A34-C224-4013-91D8-A4079FD8DBD5}.Debug|Any CPU.ActiveCfg = Debug|Any CPU
		{5BCE8A34-C224-4013-91D8-A4079FD8DBD5}.Debug|Any CPU.Build.0 = Debug|Any CPU
		{5BCE8A34-C224-4013-91D8-A4079FD8DBD5}.Release|Any CPU.ActiveCfg = Release|Any CPU
		{5BCE8A34-C224-4013-91D8-A4079FD8DBD5}.Release|Any CPU.Build.0 = Release|Any CPU
		{8BEE5A02-56C3-4AD9-8733-775EA2D83FB5}.Debug|Any CPU.ActiveCfg = Debug|Any CPU
		{8BEE5A02-56C3-4AD9-8733-775EA2D83FB5}.Debug|Any CPU.Build.0 = Debug|Any CPU
		{8BEE5A02-56C3-4AD9-8733-775EA2D83FB5}.Release|Any CPU.ActiveCfg = Release|Any CPU
		{8BEE5A02-56C3-4AD9-8733-775EA2D83FB5}.Release|Any CPU.Build.0 = Release|Any CPU
		{33DD25FE-C234-43E9-ADEE-B64485DCC469}.Debug|Any CPU.ActiveCfg = Debug|Any CPU
		{33DD25FE-C234-43E9-ADEE-B64485DCC469}.Debug|Any CPU.Build.0 = Debug|Any CPU
		{33DD25FE-C234-43E9-ADEE-B64485DCC469}.Release|Any CPU.ActiveCfg = Release|Any CPU
		{33DD25FE-C234-43E9-ADEE-B64485DCC469}.Release|Any CPU.Build.0 = Release|Any CPU
		{38B22117-0FEB-49F4-9FD1-5A6BB56B75AD}.Debug|Any CPU.ActiveCfg = Debug|Any CPU
		{38B22117-0FEB-49F4-9FD1-5A6BB56B75AD}.Debug|Any CPU.Build.0 = Debug|Any CPU
		{38B22117-0FEB-49F4-9FD1-5A6BB56B75AD}.Release|Any CPU.ActiveCfg = Release|Any CPU
		{38B22117-0FEB-49F4-9FD1-5A6BB56B75AD}.Release|Any CPU.Build.0 = Release|Any CPU
		{37177AA1-7F86-409C-8197-408E5DC66DE0}.Debug|Any CPU.ActiveCfg = Debug|Any CPU
		{37177AA1-7F86-409C-8197-408E5DC66DE0}.Debug|Any CPU.Build.0 = Debug|Any CPU
		{37177AA1-7F86-409C-8197-408E5DC66DE0}.Release|Any CPU.ActiveCfg = Release|Any CPU
		{37177AA1-7F86-409C-8197-408E5DC66DE0}.Release|Any CPU.Build.0 = Release|Any CPU
		{0BD70155-7BBB-4227-8D00-AC151C8693F1}.Debug|Any CPU.ActiveCfg = Debug|Any CPU
		{0BD70155-7BBB-4227-8D00-AC151C8693F1}.Debug|Any CPU.Build.0 = Debug|Any CPU
		{0BD70155-7BBB-4227-8D00-AC151C8693F1}.Release|Any CPU.ActiveCfg = Release|Any CPU
		{0BD70155-7BBB-4227-8D00-AC151C8693F1}.Release|Any CPU.Build.0 = Release|Any CPU
	EndGlobalSection
	GlobalSection(SolutionProperties) = preSolution
		HideSolutionNode = FALSE
	EndGlobalSection
	GlobalSection(NestedProjects) = preSolution
		{5BCE8A34-C224-4013-91D8-A4079FD8DBD5} = {575F0F68-271D-4742-A485-E0EA852A8D18}
		{8BEE5A02-56C3-4AD9-8733-775EA2D83FB5} = {575F0F68-271D-4742-A485-E0EA852A8D18}
		{33DD25FE-C234-43E9-ADEE-B64485DCC469} = {575F0F68-271D-4742-A485-E0EA852A8D18}
		{38B22117-0FEB-49F4-9FD1-5A6BB56B75AD} = {575F0F68-271D-4742-A485-E0EA852A8D18}
		{37177AA1-7F86-409C-8197-408E5DC66DE0} = {575F0F68-271D-4742-A485-E0EA852A8D18}
		{0BD70155-7BBB-4227-8D00-AC151C8693F1} = {B41E3904-BDDF-435E-ADFD-F71BB84193DC}
	EndGlobalSection
	GlobalSection(ExtensibilityGlobals) = postSolution
		SolutionGuid = {8F7079E8-6DFE-4873-9FDF-D2EA20BA90BB}
	EndGlobalSection
EndGlobal
